
Microsoft Visual Studio Solution File, Format Version 12.00
# Visual Studio Version 17
VisualStudioVersion = 17.11.35327.3
MinimumVisualStudioVersion = 10.0.40219.1
Project("{FAE04EC0-301F-11D3-BF4B-00C04F79EFBC}") = "Project", "Project\Project.csproj", "{584E847A-EC7D-4C55-8835-EF031AC728CD}"
EndProject
Global
	GlobalSection(SolutionConfigurationPlatforms) = preSolution
		Debug|Any CPU = Debug|Any CPU
		Release|Any CPU = Release|Any CPU
	EndGlobalSection
	GlobalSection(ProjectConfigurationPlatforms) = postSolution
		{584E847A-EC7D-4C55-8835-EF031AC728CD}.Debug|Any CPU.ActiveCfg = Debug|Any CPU
		{584E847A-EC7D-4C55-8835-EF031AC728CD}.Debug|Any CPU.Build.0 = Debug|Any CPU
		{584E847A-EC7D-4C55-8835-EF031AC728CD}.Release|Any CPU.ActiveCfg = Release|Any CPU
		{584E847A-EC7D-4C55-8835-EF031AC728CD}.Release|Any CPU.Build.0 = Release|Any CPU
	EndGlobalSection
	GlobalSection(SolutionProperties) = preSolution
		HideSolutionNode = FALSE
	EndGlobalSection
	GlobalSection(ExtensibilityGlobals) = postSolution
		SolutionGuid = {64E49999-8715-405B-9D6C-D0F7F2BB6D92}
	EndGlobalSection
EndGlobal
